// !$*UTF8*$!
{
	archiveVersion = 1;
	classes = {
	};
	objectVersion = 46;
	objects = {

/* Begin PBXBuildFile section */
		C41516861B6E6042009CBA93 /* main.m in Sources */ = {isa = PBXBuildFile; fileRef = C41516851B6E6042009CBA93 /* main.m */; };
		C41516911B6E6042009CBA93 /* Images.xcassets in Resources */ = {isa = PBXBuildFile; fileRef = C41516901B6E6042009CBA93 /* Images.xcassets */; };
		C41516A01B6E6043009CBA93 /* WineTastingJournalTests.m in Sources */ = {isa = PBXBuildFile; fileRef = C415169F1B6E6043009CBA93 /* WineTastingJournalTests.m */; };
		C41516BC1B6E60A7009CBA93 /* DetailViewController.m in Sources */ = {isa = PBXBuildFile; fileRef = C41516AC1B6E60A7009CBA93 /* DetailViewController.m */; };
		C41516BD1B6E60A7009CBA93 /* ImageStore.m in Sources */ = {isa = PBXBuildFile; fileRef = C41516AE1B6E60A7009CBA93 /* ImageStore.m */; };
		C41516BE1B6E60A7009CBA93 /* ImageTransformer.m in Sources */ = {isa = PBXBuildFile; fileRef = C41516B01B6E60A7009CBA93 /* ImageTransformer.m */; };
		C41516BF1B6E60A7009CBA93 /* ImageViewController.m in Sources */ = {isa = PBXBuildFile; fileRef = C41516B21B6E60A7009CBA93 /* ImageViewController.m */; };
		C41516C01B6E60A7009CBA93 /* Item.m in Sources */ = {isa = PBXBuildFile; fileRef = C41516B41B6E60A7009CBA93 /* Item.m */; };
		C41516C11B6E60A7009CBA93 /* ItemCell.m in Sources */ = {isa = PBXBuildFile; fileRef = C41516B61B6E60A7009CBA93 /* ItemCell.m */; };
		C41516C21B6E60A7009CBA93 /* ItemStore.m in Sources */ = {isa = PBXBuildFile; fileRef = C41516B81B6E60A7009CBA93 /* ItemStore.m */; };
		C41516C31B6E60A7009CBA93 /* ItemsViewController.m in Sources */ = {isa = PBXBuildFile; fileRef = C41516BA1B6E60A7009CBA93 /* ItemsViewController.m */; };
		C41516C61B6E6139009CBA93 /* AppDelegate.m in Sources */ = {isa = PBXBuildFile; fileRef = C41516C51B6E6139009CBA93 /* AppDelegate.m */; };
		C41516CA1B6E7B30009CBA93 /* WineTastingJournal.bundle in Resources */ = {isa = PBXBuildFile; fileRef = C41516C91B6E7B30009CBA93 /* WineTastingJournal.bundle */; };
		C41516CE1B6E8DFA009CBA93 /* ItemCell.xib in Resources */ = {isa = PBXBuildFile; fileRef = C41516CD1B6E8DFA009CBA93 /* ItemCell.xib */; };
		C41516D11B6E8F05009CBA93 /* WineTastingJournal.xcdatamodeld in Sources */ = {isa = PBXBuildFile; fileRef = C41516CF1B6E8F05009CBA93 /* WineTastingJournal.xcdatamodeld */; };
		C431FB921BB6D10C00E444F3 /* FlavorCategoriesViewController.m in Sources */ = {isa = PBXBuildFile; fileRef = C431FB911BB6D10C00E444F3 /* FlavorCategoriesViewController.m */; settings = {ASSET_TAGS = (); }; };
		C435586F1BA19DF7008FF2AE /* AromaCategoriesViewController.m in Sources */ = {isa = PBXBuildFile; fileRef = C435586E1BA19DF7008FF2AE /* AromaCategoriesViewController.m */; };
		C451B4BE1B6E9C07007F06E2 /* Localizable.strings in Resources */ = {isa = PBXBuildFile; fileRef = C451B4C01B6E9C07007F06E2 /* Localizable.strings */; };
		C451B4C21B6E9D64007F06E2 /* DetailViewController.xib in Resources */ = {isa = PBXBuildFile; fileRef = C451B4C41B6E9D64007F06E2 /* DetailViewController.xib */; };
		C4C418821BD3EB5F007C5E5D /* InfoViewController.m in Sources */ = {isa = PBXBuildFile; fileRef = C4C418801BD3EB5F007C5E5D /* InfoViewController.m */; settings = {ASSET_TAGS = (); }; };
		C4C418831BD3EB5F007C5E5D /* InfoViewController.xib in Resources */ = {isa = PBXBuildFile; fileRef = C4C418811BD3EB5F007C5E5D /* InfoViewController.xib */; settings = {ASSET_TAGS = (); }; };
		C4C418861BD3FAE5007C5E5D /* info.html in Resources */ = {isa = PBXBuildFile; fileRef = C4C418851BD3FAE5007C5E5D /* info.html */; settings = {ASSET_TAGS = (); }; };
		C4EAC9341B9DC62F006E4CFC /* AromasViewController.m in Sources */ = {isa = PBXBuildFile; fileRef = C4EAC9331B9DC62F006E4CFC /* AromasViewController.m */; };
		C4EAC9371B9E43D9006E4CFC /* FlavorsViewController.m in Sources */ = {isa = PBXBuildFile; fileRef = C4EAC9361B9E43D9006E4CFC /* FlavorsViewController.m */; };
/* End PBXBuildFile section */

/* Begin PBXContainerItemProxy section */
		C415169A1B6E6043009CBA93 /* PBXContainerItemProxy */ = {
			isa = PBXContainerItemProxy;
			containerPortal = C41516781B6E6042009CBA93 /* Project object */;
			proxyType = 1;
			remoteGlobalIDString = C415167F1B6E6042009CBA93;
			remoteInfo = WineTastingJournal;
		};
/* End PBXContainerItemProxy section */

/* Begin PBXFileReference section */
		C41516801B6E6042009CBA93 /* WineTastingJournal.app */ = {isa = PBXFileReference; explicitFileType = wrapper.application; includeInIndex = 0; path = WineTastingJournal.app; sourceTree = BUILT_PRODUCTS_DIR; };
		C41516841B6E6042009CBA93 /* Info.plist */ = {isa = PBXFileReference; lastKnownFileType = text.plist.xml; path = Info.plist; sourceTree = "<group>"; };
		C41516851B6E6042009CBA93 /* main.m */ = {isa = PBXFileReference; lastKnownFileType = sourcecode.c.objc; path = main.m; sourceTree = "<group>"; };
		C41516901B6E6042009CBA93 /* Images.xcassets */ = {isa = PBXFileReference; lastKnownFileType = folder.assetcatalog; path = Images.xcassets; sourceTree = "<group>"; };
		C41516991B6E6043009CBA93 /* WineTastingJournalTests.xctest */ = {isa = PBXFileReference; explicitFileType = wrapper.cfbundle; includeInIndex = 0; path = WineTastingJournalTests.xctest; sourceTree = BUILT_PRODUCTS_DIR; };
		C415169E1B6E6043009CBA93 /* Info.plist */ = {isa = PBXFileReference; lastKnownFileType = text.plist.xml; path = Info.plist; sourceTree = "<group>"; };
		C415169F1B6E6043009CBA93 /* WineTastingJournalTests.m */ = {isa = PBXFileReference; lastKnownFileType = sourcecode.c.objc; path = WineTastingJournalTests.m; sourceTree = "<group>"; };
		C41516AB1B6E60A7009CBA93 /* DetailViewController.h */ = {isa = PBXFileReference; fileEncoding = 4; lastKnownFileType = sourcecode.c.h; path = DetailViewController.h; sourceTree = "<group>"; };
		C41516AC1B6E60A7009CBA93 /* DetailViewController.m */ = {isa = PBXFileReference; fileEncoding = 4; lastKnownFileType = sourcecode.c.objc; path = DetailViewController.m; sourceTree = "<group>"; };
		C41516AD1B6E60A7009CBA93 /* ImageStore.h */ = {isa = PBXFileReference; fileEncoding = 4; lastKnownFileType = sourcecode.c.h; path = ImageStore.h; sourceTree = "<group>"; };
		C41516AE1B6E60A7009CBA93 /* ImageStore.m */ = {isa = PBXFileReference; fileEncoding = 4; lastKnownFileType = sourcecode.c.objc; path = ImageStore.m; sourceTree = "<group>"; };
		C41516AF1B6E60A7009CBA93 /* ImageTransformer.h */ = {isa = PBXFileReference; fileEncoding = 4; lastKnownFileType = sourcecode.c.h; path = ImageTransformer.h; sourceTree = "<group>"; };
		C41516B01B6E60A7009CBA93 /* ImageTransformer.m */ = {isa = PBXFileReference; fileEncoding = 4; lastKnownFileType = sourcecode.c.objc; path = ImageTransformer.m; sourceTree = "<group>"; };
		C41516B11B6E60A7009CBA93 /* ImageViewController.h */ = {isa = PBXFileReference; fileEncoding = 4; lastKnownFileType = sourcecode.c.h; path = ImageViewController.h; sourceTree = "<group>"; };
		C41516B21B6E60A7009CBA93 /* ImageViewController.m */ = {isa = PBXFileReference; fileEncoding = 4; lastKnownFileType = sourcecode.c.objc; path = ImageViewController.m; sourceTree = "<group>"; };
		C41516B31B6E60A7009CBA93 /* Item.h */ = {isa = PBXFileReference; fileEncoding = 4; lastKnownFileType = sourcecode.c.h; path = Item.h; sourceTree = "<group>"; };
		C41516B41B6E60A7009CBA93 /* Item.m */ = {isa = PBXFileReference; fileEncoding = 4; lastKnownFileType = sourcecode.c.objc; path = Item.m; sourceTree = "<group>"; };
		C41516B51B6E60A7009CBA93 /* ItemCell.h */ = {isa = PBXFileReference; fileEncoding = 4; lastKnownFileType = sourcecode.c.h; path = ItemCell.h; sourceTree = "<group>"; };
		C41516B61B6E60A7009CBA93 /* ItemCell.m */ = {isa = PBXFileReference; fileEncoding = 4; lastKnownFileType = sourcecode.c.objc; path = ItemCell.m; sourceTree = "<group>"; };
		C41516B71B6E60A7009CBA93 /* ItemStore.h */ = {isa = PBXFileReference; fileEncoding = 4; lastKnownFileType = sourcecode.c.h; path = ItemStore.h; sourceTree = "<group>"; };
		C41516B81B6E60A7009CBA93 /* ItemStore.m */ = {isa = PBXFileReference; fileEncoding = 4; lastKnownFileType = sourcecode.c.objc; path = ItemStore.m; sourceTree = "<group>"; };
		C41516B91B6E60A7009CBA93 /* ItemsViewController.h */ = {isa = PBXFileReference; fileEncoding = 4; lastKnownFileType = sourcecode.c.h; path = ItemsViewController.h; sourceTree = "<group>"; };
		C41516BA1B6E60A7009CBA93 /* ItemsViewController.m */ = {isa = PBXFileReference; fileEncoding = 4; lastKnownFileType = sourcecode.c.objc; path = ItemsViewController.m; sourceTree = "<group>"; };
		C41516C41B6E6139009CBA93 /* AppDelegate.h */ = {isa = PBXFileReference; fileEncoding = 4; lastKnownFileType = sourcecode.c.h; path = AppDelegate.h; sourceTree = "<group>"; };
		C41516C51B6E6139009CBA93 /* AppDelegate.m */ = {isa = PBXFileReference; fileEncoding = 4; lastKnownFileType = sourcecode.c.objc; path = AppDelegate.m; sourceTree = "<group>"; };
		C41516C91B6E7B30009CBA93 /* WineTastingJournal.bundle */ = {isa = PBXFileReference; lastKnownFileType = "wrapper.plug-in"; name = WineTastingJournal.bundle; path = ../../../Workspace/WineTastingJournal/WineTastingJournal/WineTastingJournal.bundle; sourceTree = "<group>"; };
		C41516CD1B6E8DFA009CBA93 /* ItemCell.xib */ = {isa = PBXFileReference; fileEncoding = 4; lastKnownFileType = file.xib; path = ItemCell.xib; sourceTree = "<group>"; };
		C41516D01B6E8F05009CBA93 /* WineTastingJournal.xcdatamodel */ = {isa = PBXFileReference; lastKnownFileType = wrapper.xcdatamodel; path = WineTastingJournal.xcdatamodel; sourceTree = "<group>"; };
		C431FB901BB6D10C00E444F3 /* FlavorCategoriesViewController.h */ = {isa = PBXFileReference; fileEncoding = 4; lastKnownFileType = sourcecode.c.h; name = FlavorCategoriesViewController.h; path = ../../../Workspace/WineTastingJournal/WineTastingJournal/FlavorCategoriesViewController.h; sourceTree = "<group>"; };
		C431FB911BB6D10C00E444F3 /* FlavorCategoriesViewController.m */ = {isa = PBXFileReference; fileEncoding = 4; lastKnownFileType = sourcecode.c.objc; name = FlavorCategoriesViewController.m; path = ../../../Workspace/WineTastingJournal/WineTastingJournal/FlavorCategoriesViewController.m; sourceTree = "<group>"; };
		C435586D1BA19DF7008FF2AE /* AromaCategoriesViewController.h */ = {isa = PBXFileReference; fileEncoding = 4; lastKnownFileType = sourcecode.c.h; name = AromaCategoriesViewController.h; path = ../../../Workspace/WineTastingJournal/WineTastingJournal/AromaCategoriesViewController.h; sourceTree = "<group>"; };
		C435586E1BA19DF7008FF2AE /* AromaCategoriesViewController.m */ = {isa = PBXFileReference; fileEncoding = 4; lastKnownFileType = sourcecode.c.objc; name = AromaCategoriesViewController.m; path = ../../../Workspace/WineTastingJournal/WineTastingJournal/AromaCategoriesViewController.m; sourceTree = "<group>"; };
		C451B4BF1B6E9C07007F06E2 /* Base */ = {isa = PBXFileReference; lastKnownFileType = text.plist.strings; name = Base; path = Base.lproj/Localizable.strings; sourceTree = "<group>"; };
		C451B4C11B6E9C1B007F06E2 /* en */ = {isa = PBXFileReference; lastKnownFileType = text.plist.strings; name = en; path = en.lproj/Localizable.strings; sourceTree = "<group>"; };
		C451B4C31B6E9D64007F06E2 /* Base */ = {isa = PBXFileReference; lastKnownFileType = file.xib; name = Base; path = Base.lproj/DetailViewController.xib; sourceTree = "<group>"; };
		C451B4C61B6E9DFC007F06E2 /* en */ = {isa = PBXFileReference; lastKnownFileType = text.plist.strings; name = en; path = en.lproj/DetailViewController.strings; sourceTree = "<group>"; };
		C451B4C71B6E9FBA007F06E2 /* es */ = {isa = PBXFileReference; lastKnownFileType = text.plist.strings; name = es; path = es.lproj/DetailViewController.strings; sourceTree = "<group>"; };
		C451B4C81B6E9FBA007F06E2 /* es */ = {isa = PBXFileReference; lastKnownFileType = text.plist.strings; name = es; path = es.lproj/Localizable.strings; sourceTree = "<group>"; };
		C4C4187F1BD3EB5F007C5E5D /* InfoViewController.h */ = {isa = PBXFileReference; fileEncoding = 4; lastKnownFileType = sourcecode.c.h; path = InfoViewController.h; sourceTree = "<group>"; };
		C4C418801BD3EB5F007C5E5D /* InfoViewController.m */ = {isa = PBXFileReference; fileEncoding = 4; lastKnownFileType = sourcecode.c.objc; path = InfoViewController.m; sourceTree = "<group>"; };
		C4C418811BD3EB5F007C5E5D /* InfoViewController.xib */ = {isa = PBXFileReference; fileEncoding = 4; lastKnownFileType = file.xib; path = InfoViewController.xib; sourceTree = "<group>"; };
		C4C418851BD3FAE5007C5E5D /* info.html */ = {isa = PBXFileReference; fileEncoding = 4; lastKnownFileType = text.html; path = info.html; sourceTree = "<group>"; };
		C4EAC9321B9DC62F006E4CFC /* AromasViewController.h */ = {isa = PBXFileReference; fileEncoding = 4; lastKnownFileType = sourcecode.c.h; name = AromasViewController.h; path = ../../../Workspace/WineTastingJournal/WineTastingJournal/AromasViewController.h; sourceTree = "<group>"; };
		C4EAC9331B9DC62F006E4CFC /* AromasViewController.m */ = {isa = PBXFileReference; fileEncoding = 4; lastKnownFileType = sourcecode.c.objc; name = AromasViewController.m; path = ../../../Workspace/WineTastingJournal/WineTastingJournal/AromasViewController.m; sourceTree = "<group>"; };
		C4EAC9351B9E43D9006E4CFC /* FlavorsViewController.h */ = {isa = PBXFileReference; fileEncoding = 4; lastKnownFileType = sourcecode.c.h; name = FlavorsViewController.h; path = ../../../Workspace/WineTastingJournal/WineTastingJournal/FlavorsViewController.h; sourceTree = "<group>"; };
		C4EAC9361B9E43D9006E4CFC /* FlavorsViewController.m */ = {isa = PBXFileReference; fileEncoding = 4; lastKnownFileType = sourcecode.c.objc; name = FlavorsViewController.m; path = ../../../Workspace/WineTastingJournal/WineTastingJournal/FlavorsViewController.m; sourceTree = "<group>"; };
/* End PBXFileReference section */

/* Begin PBXFrameworksBuildPhase section */
		C415167D1B6E6042009CBA93 /* Frameworks */ = {
			isa = PBXFrameworksBuildPhase;
			buildActionMask = 2147483647;
			files = (
			);
			runOnlyForDeploymentPostprocessing = 0;
		};
		C41516961B6E6043009CBA93 /* Frameworks */ = {
			isa = PBXFrameworksBuildPhase;
			buildActionMask = 2147483647;
			files = (
			);
			runOnlyForDeploymentPostprocessing = 0;
		};
/* End PBXFrameworksBuildPhase section */

/* Begin PBXGroup section */
		C41516771B6E6042009CBA93 = {
			isa = PBXGroup;
			children = (
				C41516821B6E6042009CBA93 /* WineTastingJournal */,
				C415169C1B6E6043009CBA93 /* WineTastingJournalTests */,
				C41516811B6E6042009CBA93 /* Products */,
			);
			sourceTree = "<group>";
		};
		C41516811B6E6042009CBA93 /* Products */ = {
			isa = PBXGroup;
			children = (
				C41516801B6E6042009CBA93 /* WineTastingJournal.app */,
				C41516991B6E6043009CBA93 /* WineTastingJournalTests.xctest */,
			);
			name = Products;
			sourceTree = "<group>";
		};
		C41516821B6E6042009CBA93 /* WineTastingJournal */ = {
			isa = PBXGroup;
			children = (
				C4C418841BD3FA84007C5E5D /* Texts */,
				C41516C41B6E6139009CBA93 /* AppDelegate.h */,
				C41516C51B6E6139009CBA93 /* AppDelegate.m */,
				C435586D1BA19DF7008FF2AE /* AromaCategoriesViewController.h */,
				C435586E1BA19DF7008FF2AE /* AromaCategoriesViewController.m */,
				C4EAC9321B9DC62F006E4CFC /* AromasViewController.h */,
				C4EAC9331B9DC62F006E4CFC /* AromasViewController.m */,
				C41516AB1B6E60A7009CBA93 /* DetailViewController.h */,
				C41516AC1B6E60A7009CBA93 /* DetailViewController.m */,
				C451B4C41B6E9D64007F06E2 /* DetailViewController.xib */,
				C431FB901BB6D10C00E444F3 /* FlavorCategoriesViewController.h */,
				C431FB911BB6D10C00E444F3 /* FlavorCategoriesViewController.m */,
				C4EAC9351B9E43D9006E4CFC /* FlavorsViewController.h */,
				C4EAC9361B9E43D9006E4CFC /* FlavorsViewController.m */,
				C41516901B6E6042009CBA93 /* Images.xcassets */,
				C41516AD1B6E60A7009CBA93 /* ImageStore.h */,
				C41516AE1B6E60A7009CBA93 /* ImageStore.m */,
				C41516AF1B6E60A7009CBA93 /* ImageTransformer.h */,
				C41516B01B6E60A7009CBA93 /* ImageTransformer.m */,
				C41516B11B6E60A7009CBA93 /* ImageViewController.h */,
				C41516B21B6E60A7009CBA93 /* ImageViewController.m */,
				C41516B31B6E60A7009CBA93 /* Item.h */,
				C41516B41B6E60A7009CBA93 /* Item.m */,
				C41516B51B6E60A7009CBA93 /* ItemCell.h */,
				C41516B61B6E60A7009CBA93 /* ItemCell.m */,
				C41516CD1B6E8DFA009CBA93 /* ItemCell.xib */,
				C41516B71B6E60A7009CBA93 /* ItemStore.h */,
				C41516B81B6E60A7009CBA93 /* ItemStore.m */,
				C41516B91B6E60A7009CBA93 /* ItemsViewController.h */,
				C41516BA1B6E60A7009CBA93 /* ItemsViewController.m */,
				C451B4C01B6E9C07007F06E2 /* Localizable.strings */,
				C41516831B6E6042009CBA93 /* Supporting Files */,
				C41516C91B6E7B30009CBA93 /* WineTastingJournal.bundle */,
				C41516CF1B6E8F05009CBA93 /* WineTastingJournal.xcdatamodeld */,
				C4C4187F1BD3EB5F007C5E5D /* InfoViewController.h */,
				C4C418801BD3EB5F007C5E5D /* InfoViewController.m */,
				C4C418811BD3EB5F007C5E5D /* InfoViewController.xib */,
			);
			path = WineTastingJournal;
			sourceTree = "<group>";
		};
		C41516831B6E6042009CBA93 /* Supporting Files */ = {
			isa = PBXGroup;
			children = (
				C41516841B6E6042009CBA93 /* Info.plist */,
				C41516851B6E6042009CBA93 /* main.m */,
			);
			name = "Supporting Files";
			sourceTree = "<group>";
		};
		C415169C1B6E6043009CBA93 /* WineTastingJournalTests */ = {
			isa = PBXGroup;
			children = (
				C415169F1B6E6043009CBA93 /* WineTastingJournalTests.m */,
				C415169D1B6E6043009CBA93 /* Supporting Files */,
			);
			path = WineTastingJournalTests;
			sourceTree = "<group>";
		};
		C415169D1B6E6043009CBA93 /* Supporting Files */ = {
			isa = PBXGroup;
			children = (
				C415169E1B6E6043009CBA93 /* Info.plist */,
			);
			name = "Supporting Files";
			sourceTree = "<group>";
		};
		C4C418841BD3FA84007C5E5D /* Texts */ = {
			isa = PBXGroup;
			children = (
				C4C418851BD3FAE5007C5E5D /* info.html */,
			);
			name = Texts;
			sourceTree = "<group>";
		};
/* End PBXGroup section */

/* Begin PBXNativeTarget section */
		C415167F1B6E6042009CBA93 /* WineTastingJournal */ = {
			isa = PBXNativeTarget;
			buildConfigurationList = C41516A31B6E6043009CBA93 /* Build configuration list for PBXNativeTarget "WineTastingJournal" */;
			buildPhases = (
				C415167C1B6E6042009CBA93 /* Sources */,
				C415167D1B6E6042009CBA93 /* Frameworks */,
				C415167E1B6E6042009CBA93 /* Resources */,
			);
			buildRules = (
			);
			dependencies = (
			);
			name = WineTastingJournal;
			productName = WineTastingJournal;
			productReference = C41516801B6E6042009CBA93 /* WineTastingJournal.app */;
			productType = "com.apple.product-type.application";
		};
		C41516981B6E6043009CBA93 /* WineTastingJournalTests */ = {
			isa = PBXNativeTarget;
			buildConfigurationList = C41516A61B6E6043009CBA93 /* Build configuration list for PBXNativeTarget "WineTastingJournalTests" */;
			buildPhases = (
				C41516951B6E6043009CBA93 /* Sources */,
				C41516961B6E6043009CBA93 /* Frameworks */,
				C41516971B6E6043009CBA93 /* Resources */,
			);
			buildRules = (
			);
			dependencies = (
				C415169B1B6E6043009CBA93 /* PBXTargetDependency */,
			);
			name = WineTastingJournalTests;
			productName = WineTastingJournalTests;
			productReference = C41516991B6E6043009CBA93 /* WineTastingJournalTests.xctest */;
			productType = "com.apple.product-type.bundle.unit-test";
		};
/* End PBXNativeTarget section */

/* Begin PBXProject section */
		C41516781B6E6042009CBA93 /* Project object */ = {
			isa = PBXProject;
			attributes = {
				LastUpgradeCheck = 0700;
				ORGANIZATIONNAME = Refabricants;
				TargetAttributes = {
					C415167F1B6E6042009CBA93 = {
						CreatedOnToolsVersion = 6.4;
						DevelopmentTeam = 69TZ4MRH7U;
					};
					C41516981B6E6043009CBA93 = {
						CreatedOnToolsVersion = 6.4;
						TestTargetID = C415167F1B6E6042009CBA93;
					};
				};
			};
			buildConfigurationList = C415167B1B6E6042009CBA93 /* Build configuration list for PBXProject "WineTastingJournal" */;
			compatibilityVersion = "Xcode 3.2";
			developmentRegion = English;
			hasScannedForEncodings = 0;
			knownRegions = (
				en,
				Base,
				es,
			);
			mainGroup = C41516771B6E6042009CBA93;
			productRefGroup = C41516811B6E6042009CBA93 /* Products */;
			projectDirPath = "";
			projectRoot = "";
			targets = (
				C415167F1B6E6042009CBA93 /* WineTastingJournal */,
				C41516981B6E6043009CBA93 /* WineTastingJournalTests */,
			);
		};
/* End PBXProject section */

/* Begin PBXResourcesBuildPhase section */
		C415167E1B6E6042009CBA93 /* Resources */ = {
			isa = PBXResourcesBuildPhase;
			buildActionMask = 2147483647;
			files = (
				C451B4C21B6E9D64007F06E2 /* DetailViewController.xib in Resources */,
				C41516911B6E6042009CBA93 /* Images.xcassets in Resources */,
				C41516CA1B6E7B30009CBA93 /* WineTastingJournal.bundle in Resources */,
				C451B4BE1B6E9C07007F06E2 /* Localizable.strings in Resources */,
				C4C418861BD3FAE5007C5E5D /* info.html in Resources */,
				C4C418831BD3EB5F007C5E5D /* InfoViewController.xib in Resources */,
				C41516CE1B6E8DFA009CBA93 /* ItemCell.xib in Resources */,
			);
			runOnlyForDeploymentPostprocessing = 0;
		};
		C41516971B6E6043009CBA93 /* Resources */ = {
			isa = PBXResourcesBuildPhase;
			buildActionMask = 2147483647;
			files = (
			);
			runOnlyForDeploymentPostprocessing = 0;
		};
/* End PBXResourcesBuildPhase section */

/* Begin PBXSourcesBuildPhase section */
		C415167C1B6E6042009CBA93 /* Sources */ = {
			isa = PBXSourcesBuildPhase;
			buildActionMask = 2147483647;
			files = (
				C41516C61B6E6139009CBA93 /* AppDelegate.m in Sources */,
				C41516C31B6E60A7009CBA93 /* ItemsViewController.m in Sources */,
				C4EAC9371B9E43D9006E4CFC /* FlavorsViewController.m in Sources */,
				C41516BD1B6E60A7009CBA93 /* ImageStore.m in Sources */,
				C431FB921BB6D10C00E444F3 /* FlavorCategoriesViewController.m in Sources */,
				C41516C11B6E60A7009CBA93 /* ItemCell.m in Sources */,
				C4EAC9341B9DC62F006E4CFC /* AromasViewController.m in Sources */,
				C41516BC1B6E60A7009CBA93 /* DetailViewController.m in Sources */,
				C41516BF1B6E60A7009CBA93 /* ImageViewController.m in Sources */,
				C41516C21B6E60A7009CBA93 /* ItemStore.m in Sources */,
				C4C418821BD3EB5F007C5E5D /* InfoViewController.m in Sources */,
				C41516861B6E6042009CBA93 /* main.m in Sources */,
				C41516C01B6E60A7009CBA93 /* Item.m in Sources */,
				C435586F1BA19DF7008FF2AE /* AromaCategoriesViewController.m in Sources */,
				C41516BE1B6E60A7009CBA93 /* ImageTransformer.m in Sources */,
				C41516D11B6E8F05009CBA93 /* WineTastingJournal.xcdatamodeld in Sources */,
			);
			runOnlyForDeploymentPostprocessing = 0;
		};
		C41516951B6E6043009CBA93 /* Sources */ = {
			isa = PBXSourcesBuildPhase;
			buildActionMask = 2147483647;
			files = (
				C41516A01B6E6043009CBA93 /* WineTastingJournalTests.m in Sources */,
			);
			runOnlyForDeploymentPostprocessing = 0;
		};
/* End PBXSourcesBuildPhase section */

/* Begin PBXTargetDependency section */
		C415169B1B6E6043009CBA93 /* PBXTargetDependency */ = {
			isa = PBXTargetDependency;
			target = C415167F1B6E6042009CBA93 /* WineTastingJournal */;
			targetProxy = C415169A1B6E6043009CBA93 /* PBXContainerItemProxy */;
		};
/* End PBXTargetDependency section */

/* Begin PBXVariantGroup section */
		C451B4C01B6E9C07007F06E2 /* Localizable.strings */ = {
			isa = PBXVariantGroup;
			children = (
				C451B4BF1B6E9C07007F06E2 /* Base */,
				C451B4C11B6E9C1B007F06E2 /* en */,
				C451B4C81B6E9FBA007F06E2 /* es */,
			);
			name = Localizable.strings;
			sourceTree = "<group>";
		};
		C451B4C41B6E9D64007F06E2 /* DetailViewController.xib */ = {
			isa = PBXVariantGroup;
			children = (
				C451B4C31B6E9D64007F06E2 /* Base */,
				C451B4C61B6E9DFC007F06E2 /* en */,
				C451B4C71B6E9FBA007F06E2 /* es */,
			);
			name = DetailViewController.xib;
			sourceTree = "<group>";
		};
/* End PBXVariantGroup section */

/* Begin XCBuildConfiguration section */
		C41516A11B6E6043009CBA93 /* Debug */ = {
			isa = XCBuildConfiguration;
			buildSettings = {
				ALWAYS_SEARCH_USER_PATHS = NO;
				CLANG_CXX_LANGUAGE_STANDARD = "gnu++0x";
				CLANG_CXX_LIBRARY = "libc++";
				CLANG_ENABLE_MODULES = YES;
				CLANG_ENABLE_OBJC_ARC = YES;
				CLANG_WARN_BOOL_CONVERSION = YES;
				CLANG_WARN_CONSTANT_CONVERSION = YES;
				CLANG_WARN_DIRECT_OBJC_ISA_USAGE = YES_ERROR;
				CLANG_WARN_EMPTY_BODY = YES;
				CLANG_WARN_ENUM_CONVERSION = YES;
				CLANG_WARN_INT_CONVERSION = YES;
				CLANG_WARN_OBJC_ROOT_CLASS = YES_ERROR;
				CLANG_WARN_UNREACHABLE_CODE = YES;
				CLANG_WARN__DUPLICATE_METHOD_MATCH = YES;
				"CODE_SIGN_IDENTITY[sdk=iphoneos*]" = "iPhone Developer";
				COPY_PHASE_STRIP = NO;
				DEBUG_INFORMATION_FORMAT = "dwarf-with-dsym";
				ENABLE_STRICT_OBJC_MSGSEND = YES;
				ENABLE_TESTABILITY = YES;
				GCC_C_LANGUAGE_STANDARD = gnu99;
				GCC_DYNAMIC_NO_PIC = NO;
				GCC_NO_COMMON_BLOCKS = YES;
				GCC_OPTIMIZATION_LEVEL = 0;
				GCC_PREPROCESSOR_DEFINITIONS = (
					"DEBUG=1",
					"$(inherited)",
				);
				GCC_SYMBOLS_PRIVATE_EXTERN = NO;
				GCC_WARN_64_TO_32_BIT_CONVERSION = YES;
				GCC_WARN_ABOUT_RETURN_TYPE = YES_ERROR;
				GCC_WARN_UNDECLARED_SELECTOR = YES;
				GCC_WARN_UNINITIALIZED_AUTOS = YES_AGGRESSIVE;
				GCC_WARN_UNUSED_FUNCTION = YES;
				GCC_WARN_UNUSED_VARIABLE = YES;
				IPHONEOS_DEPLOYMENT_TARGET = 9.0;
				MTL_ENABLE_DEBUG_INFO = YES;
				ONLY_ACTIVE_ARCH = YES;
				SDKROOT = iphoneos;
				TARGETED_DEVICE_FAMILY = "1,2";
			};
			name = Debug;
		};
		C41516A21B6E6043009CBA93 /* Release */ = {
			isa = XCBuildConfiguration;
			buildSettings = {
				ALWAYS_SEARCH_USER_PATHS = NO;
				CLANG_CXX_LANGUAGE_STANDARD = "gnu++0x";
				CLANG_CXX_LIBRARY = "libc++";
				CLANG_ENABLE_MODULES = YES;
				CLANG_ENABLE_OBJC_ARC = YES;
				CLANG_WARN_BOOL_CONVERSION = YES;
				CLANG_WARN_CONSTANT_CONVERSION = YES;
				CLANG_WARN_DIRECT_OBJC_ISA_USAGE = YES_ERROR;
				CLANG_WARN_EMPTY_BODY = YES;
				CLANG_WARN_ENUM_CONVERSION = YES;
				CLANG_WARN_INT_CONVERSION = YES;
				CLANG_WARN_OBJC_ROOT_CLASS = YES_ERROR;
				CLANG_WARN_UNREACHABLE_CODE = YES;
				CLANG_WARN__DUPLICATE_METHOD_MATCH = YES;
				"CODE_SIGN_IDENTITY[sdk=iphoneos*]" = "iPhone Developer";
				COPY_PHASE_STRIP = NO;
				DEBUG_INFORMATION_FORMAT = "dwarf-with-dsym";
				ENABLE_NS_ASSERTIONS = NO;
				ENABLE_STRICT_OBJC_MSGSEND = YES;
				GCC_C_LANGUAGE_STANDARD = gnu99;
				GCC_NO_COMMON_BLOCKS = YES;
				GCC_WARN_64_TO_32_BIT_CONVERSION = YES;
				GCC_WARN_ABOUT_RETURN_TYPE = YES_ERROR;
				GCC_WARN_UNDECLARED_SELECTOR = YES;
				GCC_WARN_UNINITIALIZED_AUTOS = YES_AGGRESSIVE;
				GCC_WARN_UNUSED_FUNCTION = YES;
				GCC_WARN_UNUSED_VARIABLE = YES;
				IPHONEOS_DEPLOYMENT_TARGET = 9.0;
				MTL_ENABLE_DEBUG_INFO = NO;
				SDKROOT = iphoneos;
				TARGETED_DEVICE_FAMILY = "1,2";
				VALIDATE_PRODUCT = YES;
			};
			name = Release;
		};
		C41516A41B6E6043009CBA93 /* Debug */ = {
			isa = XCBuildConfiguration;
			buildSettings = {
				ASSETCATALOG_COMPILER_APPICON_NAME = AppIcon;
				CODE_SIGN_IDENTITY = "iPhone Developer";
				"CODE_SIGN_IDENTITY[sdk=iphoneos*]" = "iPhone Developer";
				INFOPLIST_FILE = WineTastingJournal/Info.plist;
				LD_RUNPATH_SEARCH_PATHS = "$(inherited) @executable_path/Frameworks";
				PRODUCT_BUNDLE_IDENTIFIER = "com.refabricants.$(PRODUCT_NAME:rfc1034identifier)";
				PRODUCT_NAME = "$(TARGET_NAME)";
				PROVISIONING_PROFILE = "";
				RUN_CLANG_STATIC_ANALYZER = YES;
			};
			name = Debug;
		};
		C41516A51B6E6043009CBA93 /* Release */ = {
			isa = XCBuildConfiguration;
			buildSettings = {
				ASSETCATALOG_COMPILER_APPICON_NAME = AppIcon;
				CODE_SIGN_IDENTITY = "iPhone Developer";
				"CODE_SIGN_IDENTITY[sdk=iphoneos*]" = "iPhone Developer";
				INFOPLIST_FILE = WineTastingJournal/Info.plist;
				LD_RUNPATH_SEARCH_PATHS = "$(inherited) @executable_path/Frameworks";
				PRODUCT_BUNDLE_IDENTIFIER = "com.refabricants.$(PRODUCT_NAME:rfc1034identifier)";
				PRODUCT_NAME = "$(TARGET_NAME)";
				PROVISIONING_PROFILE = "";
				RUN_CLANG_STATIC_ANALYZER = YES;
			};
			name = Release;
		};
		C41516A71B6E6043009CBA93 /* Debug */ = {
			isa = XCBuildConfiguration;
			buildSettings = {
				BUNDLE_LOADER = "$(TEST_HOST)";
				GCC_PREPROCESSOR_DEFINITIONS = (
					"DEBUG=1",
					"$(inherited)",
				);
				INFOPLIST_FILE = WineTastingJournalTests/Info.plist;
				LD_RUNPATH_SEARCH_PATHS = "$(inherited) @executable_path/Frameworks @loader_path/Frameworks";
				PRODUCT_BUNDLE_IDENTIFIER = "com.refabricants.$(PRODUCT_NAME:rfc1034identifier)";
				PRODUCT_NAME = "$(TARGET_NAME)";
				TEST_HOST = "$(BUILT_PRODUCTS_DIR)/WineTastingJournal.app/WineTastingJournal";
			};
			name = Debug;
		};
		C41516A81B6E6043009CBA93 /* Release */ = {
			isa = XCBuildConfiguration;
			buildSettings = {
				BUNDLE_LOADER = "$(TEST_HOST)";
				INFOPLIST_FILE = WineTastingJournalTests/Info.plist;
				LD_RUNPATH_SEARCH_PATHS = "$(inherited) @executable_path/Frameworks @loader_path/Frameworks";
				PRODUCT_BUNDLE_IDENTIFIER = "com.refabricants.$(PRODUCT_NAME:rfc1034identifier)";
				PRODUCT_NAME = "$(TARGET_NAME)";
				TEST_HOST = "$(BUILT_PRODUCTS_DIR)/WineTastingJournal.app/WineTastingJournal";
			};
			name = Release;
		};
/* End XCBuildConfiguration section */

/* Begin XCConfigurationList section */
		C415167B1B6E6042009CBA93 /* Build configuration list for PBXProject "WineTastingJournal" */ = {
			isa = XCConfigurationList;
			buildConfigurations = (
				C41516A11B6E6043009CBA93 /* Debug */,
				C41516A21B6E6043009CBA93 /* Release */,
			);
			defaultConfigurationIsVisible = 0;
			defaultConfigurationName = Release;
		};
		C41516A31B6E6043009CBA93 /* Build configuration list for PBXNativeTarget "WineTastingJournal" */ = {
			isa = XCConfigurationList;
			buildConfigurations = (
				C41516A41B6E6043009CBA93 /* Debug */,
				C41516A51B6E6043009CBA93 /* Release */,
			);
			defaultConfigurationIsVisible = 0;
			defaultConfigurationName = Release;
		};
		C41516A61B6E6043009CBA93 /* Build configuration list for PBXNativeTarget "WineTastingJournalTests" */ = {
			isa = XCConfigurationList;
			buildConfigurations = (
				C41516A71B6E6043009CBA93 /* Debug */,
				C41516A81B6E6043009CBA93 /* Release */,
			);
			defaultConfigurationIsVisible = 0;
			defaultConfigurationName = Release;
		};
/* End XCConfigurationList section */

/* Begin XCVersionGroup section */
		C41516CF1B6E8F05009CBA93 /* WineTastingJournal.xcdatamodeld */ = {
			isa = XCVersionGroup;
			children = (
				C41516D01B6E8F05009CBA93 /* WineTastingJournal.xcdatamodel */,
			);
			currentVersion = C41516D01B6E8F05009CBA93 /* WineTastingJournal.xcdatamodel */;
			path = WineTastingJournal.xcdatamodeld;
			sourceTree = "<group>";
			versionGroupType = wrapper.xcdatamodel;
		};
/* End XCVersionGroup section */
	};
	rootObject = C41516781B6E6042009CBA93 /* Project object */;
}
